
Microsoft Visual Studio Solution File, Format Version 12.00
# Visual Studio Version 16
VisualStudioVersion = 16.0.29503.13
MinimumVisualStudioVersion = 10.0.40219.1
Project("{FAE04EC0-301F-11D3-BF4B-00C04F79EFBC}") = "XmlToXls", "XmlToXls\XmlToXls.csproj", "{A7174E2E-F30A-4225-A154-3479E6FEF65C}"
EndProject
Global
	GlobalSection(SolutionConfigurationPlatforms) = preSolution
		Debug|Any CPU = Debug|Any CPU
		Release|Any CPU = Release|Any CPU
	EndGlobalSection
	GlobalSection(ProjectConfigurationPlatforms) = postSolution
		{A7174E2E-F30A-4225-A154-3479E6FEF65C}.Debug|Any CPU.ActiveCfg = Debug|Any CPU
		{A7174E2E-F30A-4225-A154-3479E6FEF65C}.Debug|Any CPU.Build.0 = Debug|Any CPU
		{A7174E2E-F30A-4225-A154-3479E6FEF65C}.Release|Any CPU.ActiveCfg = Release|Any CPU
		{A7174E2E-F30A-4225-A154-3479E6FEF65C}.Release|Any CPU.Build.0 = Release|Any CPU
	EndGlobalSection
	GlobalSection(SolutionProperties) = preSolution
		HideSolutionNode = FALSE
	EndGlobalSection
	GlobalSection(ExtensibilityGlobals) = postSolution
		SolutionGuid = {48B2C5A4-5057-4F75-B7DB-CD5035B9A424}
	EndGlobalSection
EndGlobal
