
Microsoft Visual Studio Solution File, Format Version 12.00
# Visual Studio Version 16
VisualStudioVersion = 16.0.29306.81
MinimumVisualStudioVersion = 10.0.40219.1
Project("{FAE04EC0-301F-11D3-BF4B-00C04F79EFBC}") = "XlsToRPA", "XlsToRPA\XlsToRPA.csproj", "{7411D20A-D32A-4790-88E3-182201172365}"
EndProject
Global
	GlobalSection(SolutionConfigurationPlatforms) = preSolution
		Debug|Any CPU = Debug|Any CPU
		Release|Any CPU = Release|Any CPU
	EndGlobalSection
	GlobalSection(ProjectConfigurationPlatforms) = postSolution
		{7411D20A-D32A-4790-88E3-182201172365}.Debug|Any CPU.ActiveCfg = Debug|Any CPU
		{7411D20A-D32A-4790-88E3-182201172365}.Debug|Any CPU.Build.0 = Debug|Any CPU
		{7411D20A-D32A-4790-88E3-182201172365}.Release|Any CPU.ActiveCfg = Release|Any CPU
		{7411D20A-D32A-4790-88E3-182201172365}.Release|Any CPU.Build.0 = Release|Any CPU
	EndGlobalSection
	GlobalSection(SolutionProperties) = preSolution
		HideSolutionNode = FALSE
	EndGlobalSection
	GlobalSection(ExtensibilityGlobals) = postSolution
		SolutionGuid = {B804A47B-0298-4AA7-8CA8-F90E406B29B7}
	EndGlobalSection
EndGlobal
